// !$*UTF8*$!
{
	archiveVersion = 1;
	classes = {
	};
	objectVersion = 56;
	objects = {

/* Begin PBXBuildFile section */
		3C42CC3B293EE70A00EB94DE /* RevenueCat in Frameworks */ = {isa = PBXBuildFile; productRef = 3C42CC3A293EE70A00EB94DE /* RevenueCat */; };
		3C42CC40293EE89000EB94DE /* subscribeView.swift in Sources */ = {isa = PBXBuildFile; fileRef = 3C42CC3F293EE89000EB94DE /* subscribeView.swift */; };
		3C4A1414290E321E0043B395 /* ReflectimeV9App.swift in Sources */ = {isa = PBXBuildFile; fileRef = 3C4A1413290E321E0043B395 /* ReflectimeV9App.swift */; };
		3C4A1416290E321E0043B395 /* ContentView.swift in Sources */ = {isa = PBXBuildFile; fileRef = 3C4A1415290E321E0043B395 /* ContentView.swift */; };
		3C4A1418290E321F0043B395 /* Assets.xcassets in Resources */ = {isa = PBXBuildFile; fileRef = 3C4A1417290E321F0043B395 /* Assets.xcassets */; };
		3C4A141B290E321F0043B395 /* Preview Assets.xcassets in Resources */ = {isa = PBXBuildFile; fileRef = 3C4A141A290E321F0043B395 /* Preview Assets.xcassets */; };
		3C4A142A290E3A5F0043B395 /* NoteAdd.swift in Sources */ = {isa = PBXBuildFile; fileRef = 3C4A1429290E3A5F0043B395 /* NoteAdd.swift */; };
		3C62D52529443E3B001A028E /* StoreKit.framework in Frameworks */ = {isa = PBXBuildFile; fileRef = 3C42CC3D293EE72100EB94DE /* StoreKit.framework */; };
		3C6371632933394B0082AB55 /* NotificationHandler.swift in Sources */ = {isa = PBXBuildFile; fileRef = 3C6371622933394B0082AB55 /* NotificationHandler.swift */; };
		3C836978293BC3680076FBBE /* Reflectime.xcdatamodeld in Sources */ = {isa = PBXBuildFile; fileRef = 3C836976293BC3680076FBBE /* Reflectime.xcdatamodeld */; };
		3C83697A293BC3D70076FBBE /* dataController.swift in Sources */ = {isa = PBXBuildFile; fileRef = 3C836979293BC3D70076FBBE /* dataController.swift */; };
		3C83697E293C42630076FBBE /* EditView.swift in Sources */ = {isa = PBXBuildFile; fileRef = 3C83697D293C42630076FBBE /* EditView.swift */; };
		3CAF6FA02936FB7B005BF6AA /* MapView.swift in Sources */ = {isa = PBXBuildFile; fileRef = 3CAF6F9F2936FB7B005BF6AA /* MapView.swift */; };
		3CC306512932FBB900E9C40E /* Launch Screen.storyboard in Resources */ = {isa = PBXBuildFile; fileRef = 3CC306502932FBB900E9C40E /* Launch Screen.storyboard */; };
		3CC306552933038200E9C40E /* Motivations.swift in Sources */ = {isa = PBXBuildFile; fileRef = 3CC306542933038200E9C40E /* Motivations.swift */; };
		3CC3065929330B5A00E9C40E /* SettingsView.swift in Sources */ = {isa = PBXBuildFile; fileRef = 3CC3065829330B5A00E9C40E /* SettingsView.swift */; };
		3CC3065D29330CA200E9C40E /* LocationHandler.swift in Sources */ = {isa = PBXBuildFile; fileRef = 3CC3065C29330CA200E9C40E /* LocationHandler.swift */; };
		3CE27F9B2943052100889F6B /* TabsView.swift in Sources */ = {isa = PBXBuildFile; fileRef = 3CE27F9A2943052100889F6B /* TabsView.swift */; };
		3CE27F9D2943055300889F6B /* CalendarView.swift in Sources */ = {isa = PBXBuildFile; fileRef = 3CE27F9C2943055300889F6B /* CalendarView.swift */; };
		3CFD696F293453CA009E04F9 /* IntroView.swift in Sources */ = {isa = PBXBuildFile; fileRef = 3CFD696E293453CA009E04F9 /* IntroView.swift */; };
/* End PBXBuildFile section */

/* Begin PBXFileReference section */
		3C3CB90E293D9B0400683C5C /* ReflectimeV9.entitlements */ = {isa = PBXFileReference; lastKnownFileType = text.plist.entitlements; path = ReflectimeV9.entitlements; sourceTree = "<group>"; };
		3C42CC3D293EE72100EB94DE /* StoreKit.framework */ = {isa = PBXFileReference; lastKnownFileType = wrapper.framework; name = StoreKit.framework; path = System/Library/Frameworks/StoreKit.framework; sourceTree = SDKROOT; };
		3C42CC3F293EE89000EB94DE /* subscribeView.swift */ = {isa = PBXFileReference; lastKnownFileType = sourcecode.swift; path = subscribeView.swift; sourceTree = "<group>"; };
		3C4A1410290E321E0043B395 /* ReflectimeV9.app */ = {isa = PBXFileReference; explicitFileType = wrapper.application; includeInIndex = 0; path = ReflectimeV9.app; sourceTree = BUILT_PRODUCTS_DIR; };
		3C4A1413290E321E0043B395 /* ReflectimeV9App.swift */ = {isa = PBXFileReference; lastKnownFileType = sourcecode.swift; path = ReflectimeV9App.swift; sourceTree = "<group>"; };
		3C4A1415290E321E0043B395 /* ContentView.swift */ = {isa = PBXFileReference; lastKnownFileType = sourcecode.swift; path = ContentView.swift; sourceTree = "<group>"; };
		3C4A1417290E321F0043B395 /* Assets.xcassets */ = {isa = PBXFileReference; lastKnownFileType = folder.assetcatalog; path = Assets.xcassets; sourceTree = "<group>"; };
		3C4A141A290E321F0043B395 /* Preview Assets.xcassets */ = {isa = PBXFileReference; lastKnownFileType = folder.assetcatalog; path = "Preview Assets.xcassets"; sourceTree = "<group>"; };
		3C4A1429290E3A5F0043B395 /* NoteAdd.swift */ = {isa = PBXFileReference; lastKnownFileType = sourcecode.swift; path = NoteAdd.swift; sourceTree = "<group>"; };
		3C6371622933394B0082AB55 /* NotificationHandler.swift */ = {isa = PBXFileReference; lastKnownFileType = sourcecode.swift; path = NotificationHandler.swift; sourceTree = "<group>"; };
		3C836977293BC3680076FBBE /* Reflectime.xcdatamodel */ = {isa = PBXFileReference; lastKnownFileType = wrapper.xcdatamodel; path = Reflectime.xcdatamodel; sourceTree = "<group>"; };
		3C836979293BC3D70076FBBE /* dataController.swift */ = {isa = PBXFileReference; lastKnownFileType = sourcecode.swift; path = dataController.swift; sourceTree = "<group>"; };
		3C83697D293C42630076FBBE /* EditView.swift */ = {isa = PBXFileReference; lastKnownFileType = sourcecode.swift; path = EditView.swift; sourceTree = "<group>"; };
		3CAF6F9F2936FB7B005BF6AA /* MapView.swift */ = {isa = PBXFileReference; lastKnownFileType = sourcecode.swift; path = MapView.swift; sourceTree = "<group>"; };
		3CAF6FA129370E1C005BF6AA /* Info.plist */ = {isa = PBXFileReference; lastKnownFileType = text.plist.xml; path = Info.plist; sourceTree = "<group>"; };
		3CC306502932FBB900E9C40E /* Launch Screen.storyboard */ = {isa = PBXFileReference; lastKnownFileType = file.storyboard; path = "Launch Screen.storyboard"; sourceTree = "<group>"; };
		3CC306542933038200E9C40E /* Motivations.swift */ = {isa = PBXFileReference; lastKnownFileType = sourcecode.swift; path = Motivations.swift; sourceTree = "<group>"; };
		3CC3065829330B5A00E9C40E /* SettingsView.swift */ = {isa = PBXFileReference; lastKnownFileType = sourcecode.swift; path = SettingsView.swift; sourceTree = "<group>"; };
		3CC3065C29330CA200E9C40E /* LocationHandler.swift */ = {isa = PBXFileReference; lastKnownFileType = sourcecode.swift; path = LocationHandler.swift; sourceTree = "<group>"; };
		3CE27F9A2943052100889F6B /* TabsView.swift */ = {isa = PBXFileReference; fileEncoding = 4; lastKnownFileType = sourcecode.swift; path = TabsView.swift; sourceTree = "<group>"; };
		3CE27F9C2943055300889F6B /* CalendarView.swift */ = {isa = PBXFileReference; lastKnownFileType = sourcecode.swift; path = CalendarView.swift; sourceTree = "<group>"; };
		3CFD696E293453CA009E04F9 /* IntroView.swift */ = {isa = PBXFileReference; lastKnownFileType = sourcecode.swift; path = IntroView.swift; sourceTree = "<group>"; };
/* End PBXFileReference section */

/* Begin PBXFrameworksBuildPhase section */
		3C4A140D290E321E0043B395 /* Frameworks */ = {
			isa = PBXFrameworksBuildPhase;
			buildActionMask = 2147483647;
			files = (
				3C42CC3B293EE70A00EB94DE /* RevenueCat in Frameworks */,
				3C62D52529443E3B001A028E /* StoreKit.framework in Frameworks */,
			);
			runOnlyForDeploymentPostprocessing = 0;
		};
/* End PBXFrameworksBuildPhase section */

/* Begin PBXGroup section */
		3C42CC3C293EE72100EB94DE /* Frameworks */ = {
			isa = PBXGroup;
			children = (
				3C42CC3D293EE72100EB94DE /* StoreKit.framework */,
			);
			name = Frameworks;
			sourceTree = "<group>";
		};
		3C4A1407290E321E0043B395 = {
			isa = PBXGroup;
			children = (
				3CC306502932FBB900E9C40E /* Launch Screen.storyboard */,
				3C836976293BC3680076FBBE /* Reflectime.xcdatamodeld */,
				3C4A1412290E321E0043B395 /* ReflectimeV9 */,
				3C4A1411290E321E0043B395 /* Products */,
				3C42CC3C293EE72100EB94DE /* Frameworks */,
			);
			sourceTree = "<group>";
		};
		3C4A1411290E321E0043B395 /* Products */ = {
			isa = PBXGroup;
			children = (
				3C4A1410290E321E0043B395 /* ReflectimeV9.app */,
			);
			name = Products;
			sourceTree = "<group>";
		};
		3C4A1412290E321E0043B395 /* ReflectimeV9 */ = {
			isa = PBXGroup;
			children = (
				3C3CB90E293D9B0400683C5C /* ReflectimeV9.entitlements */,
				3CAF6FA129370E1C005BF6AA /* Info.plist */,
				3C42CC3F293EE89000EB94DE /* subscribeView.swift */,
				3C83697D293C42630076FBBE /* EditView.swift */,
				3CFD696E293453CA009E04F9 /* IntroView.swift */,
				3CE27F9C2943055300889F6B /* CalendarView.swift */,
				3CC306542933038200E9C40E /* Motivations.swift */,
				3C4A1429290E3A5F0043B395 /* NoteAdd.swift */,
				3C836979293BC3D70076FBBE /* dataController.swift */,
				3C4A1413290E321E0043B395 /* ReflectimeV9App.swift */,
				3C4A1415290E321E0043B395 /* ContentView.swift */,
				3CC3065829330B5A00E9C40E /* SettingsView.swift */,
				3C6371622933394B0082AB55 /* NotificationHandler.swift */,
				3CE27F9A2943052100889F6B /* TabsView.swift */,
				3CAF6F9F2936FB7B005BF6AA /* MapView.swift */,
				3CC3065C29330CA200E9C40E /* LocationHandler.swift */,
				3C4A1417290E321F0043B395 /* Assets.xcassets */,
				3C4A1419290E321F0043B395 /* Preview Content */,
			);
			path = ReflectimeV9;
			sourceTree = "<group>";
		};
		3C4A1419290E321F0043B395 /* Preview Content */ = {
			isa = PBXGroup;
			children = (
				3C4A141A290E321F0043B395 /* Preview Assets.xcassets */,
			);
			path = "Preview Content";
			sourceTree = "<group>";
		};
/* End PBXGroup section */

/* Begin PBXNativeTarget section */
		3C4A140F290E321E0043B395 /* ReflectimeV9 */ = {
			isa = PBXNativeTarget;
			buildConfigurationList = 3C4A141E290E321F0043B395 /* Build configuration list for PBXNativeTarget "ReflectimeV9" */;
			buildPhases = (
				3C4A140C290E321E0043B395 /* Sources */,
				3C4A140D290E321E0043B395 /* Frameworks */,
				3C4A140E290E321E0043B395 /* Resources */,
			);
			buildRules = (
			);
			dependencies = (
			);
			name = ReflectimeV9;
			packageProductDependencies = (
				3C42CC3A293EE70A00EB94DE /* RevenueCat */,
			);
			productName = ReflectimeV9;
			productReference = 3C4A1410290E321E0043B395 /* ReflectimeV9.app */;
			productType = "com.apple.product-type.application";
		};
/* End PBXNativeTarget section */

/* Begin PBXProject section */
		3C4A1408290E321E0043B395 /* Project object */ = {
			isa = PBXProject;
			attributes = {
				BuildIndependentTargetsInParallel = 1;
				LastSwiftUpdateCheck = 1400;
				LastUpgradeCheck = 1400;
				TargetAttributes = {
					3C4A140F290E321E0043B395 = {
						CreatedOnToolsVersion = 14.0.1;
					};
				};
			};
			buildConfigurationList = 3C4A140B290E321E0043B395 /* Build configuration list for PBXProject "ReflectimeV9" */;
			compatibilityVersion = "Xcode 14.0";
			developmentRegion = en;
			hasScannedForEncodings = 0;
			knownRegions = (
				en,
				Base,
			);
			mainGroup = 3C4A1407290E321E0043B395;
			packageReferences = (
				3C42CC39293EE70A00EB94DE /* XCRemoteSwiftPackageReference "purchases-ios" */,
			);
			productRefGroup = 3C4A1411290E321E0043B395 /* Products */;
			projectDirPath = "";
			projectRoot = "";
			targets = (
				3C4A140F290E321E0043B395 /* ReflectimeV9 */,
			);
		};
/* End PBXProject section */

/* Begin PBXResourcesBuildPhase section */
		3C4A140E290E321E0043B395 /* Resources */ = {
			isa = PBXResourcesBuildPhase;
			buildActionMask = 2147483647;
			files = (
				3CC306512932FBB900E9C40E /* Launch Screen.storyboard in Resources */,
				3C4A141B290E321F0043B395 /* Preview Assets.xcassets in Resources */,
				3C4A1418290E321F0043B395 /* Assets.xcassets in Resources */,
			);
			runOnlyForDeploymentPostprocessing = 0;
		};
/* End PBXResourcesBuildPhase section */

/* Begin PBXSourcesBuildPhase section */
		3C4A140C290E321E0043B395 /* Sources */ = {
			isa = PBXSourcesBuildPhase;
			buildActionMask = 2147483647;
			files = (
				3C4A1416290E321E0043B395 /* ContentView.swift in Sources */,
				3CAF6FA02936FB7B005BF6AA /* MapView.swift in Sources */,
				3C42CC40293EE89000EB94DE /* subscribeView.swift in Sources */,
				3CC306552933038200E9C40E /* Motivations.swift in Sources */,
				3C6371632933394B0082AB55 /* NotificationHandler.swift in Sources */,
				3CE27F9D2943055300889F6B /* CalendarView.swift in Sources */,
				3CC3065929330B5A00E9C40E /* SettingsView.swift in Sources */,
				3C4A1414290E321E0043B395 /* ReflectimeV9App.swift in Sources */,
				3C83697E293C42630076FBBE /* EditView.swift in Sources */,
				3CE27F9B2943052100889F6B /* TabsView.swift in Sources */,
				3CC3065D29330CA200E9C40E /* LocationHandler.swift in Sources */,
				3C4A142A290E3A5F0043B395 /* NoteAdd.swift in Sources */,
				3CFD696F293453CA009E04F9 /* IntroView.swift in Sources */,
				3C83697A293BC3D70076FBBE /* dataController.swift in Sources */,
				3C836978293BC3680076FBBE /* Reflectime.xcdatamodeld in Sources */,
			);
			runOnlyForDeploymentPostprocessing = 0;
		};
/* End PBXSourcesBuildPhase section */

/* Begin XCBuildConfiguration section */
		3C4A141C290E321F0043B395 /* Debug */ = {
			isa = XCBuildConfiguration;
			buildSettings = {
				ALWAYS_SEARCH_USER_PATHS = NO;
				CLANG_ANALYZER_NONNULL = YES;
				CLANG_ANALYZER_NUMBER_OBJECT_CONVERSION = YES_AGGRESSIVE;
				CLANG_CXX_LANGUAGE_STANDARD = "gnu++20";
				CLANG_ENABLE_MODULES = YES;
				CLANG_ENABLE_OBJC_ARC = YES;
				CLANG_ENABLE_OBJC_WEAK = YES;
				CLANG_WARN_BLOCK_CAPTURE_AUTORELEASING = YES;
				CLANG_WARN_BOOL_CONVERSION = YES;
				CLANG_WARN_COMMA = YES;
				CLANG_WARN_CONSTANT_CONVERSION = YES;
				CLANG_WARN_DEPRECATED_OBJC_IMPLEMENTATIONS = YES;
				CLANG_WARN_DIRECT_OBJC_ISA_USAGE = YES_ERROR;
				CLANG_WARN_DOCUMENTATION_COMMENTS = YES;
				CLANG_WARN_EMPTY_BODY = YES;
				CLANG_WARN_ENUM_CONVERSION = YES;
				CLANG_WARN_INFINITE_RECURSION = YES;
				CLANG_WARN_INT_CONVERSION = YES;
				CLANG_WARN_NON_LITERAL_NULL_CONVERSION = YES;
				CLANG_WARN_OBJC_IMPLICIT_RETAIN_SELF = YES;
				CLANG_WARN_OBJC_LITERAL_CONVERSION = YES;
				CLANG_WARN_OBJC_ROOT_CLASS = YES_ERROR;
				CLANG_WARN_QUOTED_INCLUDE_IN_FRAMEWORK_HEADER = YES;
				CLANG_WARN_RANGE_LOOP_ANALYSIS = YES;
				CLANG_WARN_STRICT_PROTOTYPES = YES;
				CLANG_WARN_SUSPICIOUS_MOVE = YES;
				CLANG_WARN_UNGUARDED_AVAILABILITY = YES_AGGRESSIVE;
				CLANG_WARN_UNREACHABLE_CODE = YES;
				CLANG_WARN__DUPLICATE_METHOD_MATCH = YES;
				COPY_PHASE_STRIP = NO;
				DEBUG_INFORMATION_FORMAT = dwarf;
				ENABLE_STRICT_OBJC_MSGSEND = YES;
				ENABLE_TESTABILITY = YES;
				GCC_C_LANGUAGE_STANDARD = gnu11;
				GCC_DYNAMIC_NO_PIC = NO;
				GCC_NO_COMMON_BLOCKS = YES;
				GCC_OPTIMIZATION_LEVEL = 0;
				GCC_PREPROCESSOR_DEFINITIONS = (
					"DEBUG=1",
					"$(inherited)",
				);
				GCC_WARN_64_TO_32_BIT_CONVERSION = YES;
				GCC_WARN_ABOUT_RETURN_TYPE = YES_ERROR;
				GCC_WARN_UNDECLARED_SELECTOR = YES;
				GCC_WARN_UNINITIALIZED_AUTOS = YES_AGGRESSIVE;
				GCC_WARN_UNUSED_FUNCTION = YES;
				GCC_WARN_UNUSED_VARIABLE = YES;
				IPHONEOS_DEPLOYMENT_TARGET = 16.0;
				MTL_ENABLE_DEBUG_INFO = INCLUDE_SOURCE;
				MTL_FAST_MATH = YES;
				ONLY_ACTIVE_ARCH = YES;
				SDKROOT = iphoneos;
				SWIFT_ACTIVE_COMPILATION_CONDITIONS = DEBUG;
				SWIFT_OPTIMIZATION_LEVEL = "-Onone";
			};
			name = Debug;
		};
		3C4A141D290E321F0043B395 /* Release */ = {
			isa = XCBuildConfiguration;
			buildSettings = {
				ALWAYS_SEARCH_USER_PATHS = NO;
				CLANG_ANALYZER_NONNULL = YES;
				CLANG_ANALYZER_NUMBER_OBJECT_CONVERSION = YES_AGGRESSIVE;
				CLANG_CXX_LANGUAGE_STANDARD = "gnu++20";
				CLANG_ENABLE_MODULES = YES;
				CLANG_ENABLE_OBJC_ARC = YES;
				CLANG_ENABLE_OBJC_WEAK = YES;
				CLANG_WARN_BLOCK_CAPTURE_AUTORELEASING = YES;
				CLANG_WARN_BOOL_CONVERSION = YES;
				CLANG_WARN_COMMA = YES;
				CLANG_WARN_CONSTANT_CONVERSION = YES;
				CLANG_WARN_DEPRECATED_OBJC_IMPLEMENTATIONS = YES;
				CLANG_WARN_DIRECT_OBJC_ISA_USAGE = YES_ERROR;
				CLANG_WARN_DOCUMENTATION_COMMENTS = YES;
				CLANG_WARN_EMPTY_BODY = YES;
				CLANG_WARN_ENUM_CONVERSION = YES;
				CLANG_WARN_INFINITE_RECURSION = YES;
				CLANG_WARN_INT_CONVERSION = YES;
				CLANG_WARN_NON_LITERAL_NULL_CONVERSION = YES;
				CLANG_WARN_OBJC_IMPLICIT_RETAIN_SELF = YES;
				CLANG_WARN_OBJC_LITERAL_CONVERSION = YES;
				CLANG_WARN_OBJC_ROOT_CLASS = YES_ERROR;
				CLANG_WARN_QUOTED_INCLUDE_IN_FRAMEWORK_HEADER = YES;
				CLANG_WARN_RANGE_LOOP_ANALYSIS = YES;
				CLANG_WARN_STRICT_PROTOTYPES = YES;
				CLANG_WARN_SUSPICIOUS_MOVE = YES;
				CLANG_WARN_UNGUARDED_AVAILABILITY = YES_AGGRESSIVE;
				CLANG_WARN_UNREACHABLE_CODE = YES;
				CLANG_WARN__DUPLICATE_METHOD_MATCH = YES;
				COPY_PHASE_STRIP = NO;
				DEBUG_INFORMATION_FORMAT = "dwarf-with-dsym";
				ENABLE_NS_ASSERTIONS = NO;
				ENABLE_STRICT_OBJC_MSGSEND = YES;
				GCC_C_LANGUAGE_STANDARD = gnu11;
				GCC_NO_COMMON_BLOCKS = YES;
				GCC_WARN_64_TO_32_BIT_CONVERSION = YES;
				GCC_WARN_ABOUT_RETURN_TYPE = YES_ERROR;
				GCC_WARN_UNDECLARED_SELECTOR = YES;
				GCC_WARN_UNINITIALIZED_AUTOS = YES_AGGRESSIVE;
				GCC_WARN_UNUSED_FUNCTION = YES;
				GCC_WARN_UNUSED_VARIABLE = YES;
				IPHONEOS_DEPLOYMENT_TARGET = 16.0;
				MTL_ENABLE_DEBUG_INFO = NO;
				MTL_FAST_MATH = YES;
				SDKROOT = iphoneos;
				SWIFT_COMPILATION_MODE = wholemodule;
				SWIFT_OPTIMIZATION_LEVEL = "-O";
				VALIDATE_PRODUCT = YES;
			};
			name = Release;
		};
		3C4A141F290E321F0043B395 /* Debug */ = {
			isa = XCBuildConfiguration;
			buildSettings = {
				ASSETCATALOG_COMPILER_APPICON_NAME = AppIcon;
				ASSETCATALOG_COMPILER_GLOBAL_ACCENT_COLOR_NAME = AccentColor;
				CODE_SIGN_ENTITLEMENTS = ReflectimeV9/ReflectimeV9.entitlements;
				CODE_SIGN_STYLE = Automatic;
				CURRENT_PROJECT_VERSION = 0;
				DEVELOPMENT_ASSET_PATHS = "\"ReflectimeV9/Preview Content\"";
				DEVELOPMENT_TEAM = M76F34UQ7G;
				ENABLE_PREVIEWS = YES;
				GENERATE_INFOPLIST_FILE = YES;
				INFOPLIST_FILE = ReflectimeV9/Info.plist;
				INFOPLIST_KEY_CFBundleDisplayName = Reflectime;
				INFOPLIST_KEY_NSLocationWhenInUseUsageDescription = "Your location data is only stored on device and kept private to you. No one else but you can see it. Your location data is used to display on the Map on a reflection where it is enabled.";
				INFOPLIST_KEY_UIApplicationSceneManifest_Generation = YES;
				INFOPLIST_KEY_UIApplicationSupportsIndirectInputEvents = YES;
				INFOPLIST_KEY_UILaunchScreen_Generation = YES;
				INFOPLIST_KEY_UILaunchStoryboardName = "Launch Screen.storyboard";
				INFOPLIST_KEY_UISupportedInterfaceOrientations = UIInterfaceOrientationPortrait;
				INFOPLIST_KEY_UISupportedInterfaceOrientations_iPad = "UIInterfaceOrientationLandscapeLeft UIInterfaceOrientationLandscapeRight UIInterfaceOrientationPortrait UIInterfaceOrientationPortraitUpsideDown";
				LD_RUNPATH_SEARCH_PATHS = (
					"$(inherited)",
					"@executable_path/Frameworks",
				);
				MARKETING_VERSION = 2.6.3;
				PRODUCT_BUNDLE_IDENTIFIER = Capstone.ReflectimeV9;
				PRODUCT_NAME = "$(TARGET_NAME)";
				SUPPORTED_PLATFORMS = "iphoneos iphonesimulator";
				SUPPORTS_MACCATALYST = NO;
				SUPPORTS_MAC_DESIGNED_FOR_IPHONE_IPAD = YES;
				SWIFT_EMIT_LOC_STRINGS = YES;
				SWIFT_VERSION = 5.0;
				TARGETED_DEVICE_FAMILY = "1,2";
			};
			name = Debug;
		};
		3C4A1420290E321F0043B395 /* Release */ = {
			isa = XCBuildConfiguration;
			buildSettings = {
				ASSETCATALOG_COMPILER_APPICON_NAME = AppIcon;
				ASSETCATALOG_COMPILER_GLOBAL_ACCENT_COLOR_NAME = AccentColor;
				CODE_SIGN_ENTITLEMENTS = ReflectimeV9/ReflectimeV9.entitlements;
				CODE_SIGN_STYLE = Automatic;
				CURRENT_PROJECT_VERSION = 0;
				DEVELOPMENT_ASSET_PATHS = "\"ReflectimeV9/Preview Content\"";
				DEVELOPMENT_TEAM = M76F34UQ7G;
				ENABLE_PREVIEWS = YES;
				GENERATE_INFOPLIST_FILE = YES;
				INFOPLIST_FILE = ReflectimeV9/Info.plist;
				INFOPLIST_KEY_CFBundleDisplayName = Reflectime;
				INFOPLIST_KEY_NSLocationWhenInUseUsageDescription = "Your location data is only stored on device and kept private to you. No one else but you can see it. Your location data is used to display on the Map on a reflection where it is enabled.";
				INFOPLIST_KEY_UIApplicationSceneManifest_Generation = YES;
				INFOPLIST_KEY_UIApplicationSupportsIndirectInputEvents = YES;
				INFOPLIST_KEY_UILaunchScreen_Generation = YES;
				INFOPLIST_KEY_UILaunchStoryboardName = "Launch Screen.storyboard";
				INFOPLIST_KEY_UISupportedInterfaceOrientations = UIInterfaceOrientationPortrait;
				INFOPLIST_KEY_UISupportedInterfaceOrientations_iPad = "UIInterfaceOrientationLandscapeLeft UIInterfaceOrientationLandscapeRight UIInterfaceOrientationPortrait UIInterfaceOrientationPortraitUpsideDown";
				LD_RUNPATH_SEARCH_PATHS = (
					"$(inherited)",
					"@executable_path/Frameworks",
				);
				MARKETING_VERSION = 2.6.3;
				PRODUCT_BUNDLE_IDENTIFIER = Capstone.ReflectimeV9;
				PRODUCT_NAME = "$(TARGET_NAME)";
				SUPPORTED_PLATFORMS = "iphoneos iphonesimulator";
				SUPPORTS_MACCATALYST = NO;
				SUPPORTS_MAC_DESIGNED_FOR_IPHONE_IPAD = YES;
				SWIFT_EMIT_LOC_STRINGS = YES;
				SWIFT_VERSION = 5.0;
				TARGETED_DEVICE_FAMILY = "1,2";
			};
			name = Release;
		};
/* End XCBuildConfiguration section */

/* Begin XCConfigurationList section */
		3C4A140B290E321E0043B395 /* Build configuration list for PBXProject "ReflectimeV9" */ = {
			isa = XCConfigurationList;
			buildConfigurations = (
				3C4A141C290E321F0043B395 /* Debug */,
				3C4A141D290E321F0043B395 /* Release */,
			);
			defaultConfigurationIsVisible = 0;
			defaultConfigurationName = Release;
		};
		3C4A141E290E321F0043B395 /* Build configuration list for PBXNativeTarget "ReflectimeV9" */ = {
			isa = XCConfigurationList;
			buildConfigurations = (
				3C4A141F290E321F0043B395 /* Debug */,
				3C4A1420290E321F0043B395 /* Release */,
			);
			defaultConfigurationIsVisible = 0;
			defaultConfigurationName = Release;
		};
/* End XCConfigurationList section */

/* Begin XCRemoteSwiftPackageReference section */
		3C42CC39293EE70A00EB94DE /* XCRemoteSwiftPackageReference "purchases-ios" */ = {
			isa = XCRemoteSwiftPackageReference;
			repositoryURL = "https://github.com/RevenueCat/purchases-ios.git";
			requirement = {
				kind = upToNextMajorVersion;
				minimumVersion = 4.0.0;
			};
		};
/* End XCRemoteSwiftPackageReference section */

/* Begin XCSwiftPackageProductDependency section */
		3C42CC3A293EE70A00EB94DE /* RevenueCat */ = {
			isa = XCSwiftPackageProductDependency;
			package = 3C42CC39293EE70A00EB94DE /* XCRemoteSwiftPackageReference "purchases-ios" */;
			productName = RevenueCat;
		};
/* End XCSwiftPackageProductDependency section */

/* Begin XCVersionGroup section */
		3C836976293BC3680076FBBE /* Reflectime.xcdatamodeld */ = {
			isa = XCVersionGroup;
			children = (
				3C836977293BC3680076FBBE /* Reflectime.xcdatamodel */,
			);
			currentVersion = 3C836977293BC3680076FBBE /* Reflectime.xcdatamodel */;
			path = Reflectime.xcdatamodeld;
			sourceTree = "<group>";
			versionGroupType = wrapper.xcdatamodel;
		};
/* End XCVersionGroup section */
	};
	rootObject = 3C4A1408290E321E0043B395 /* Project object */;
}
